
Microsoft Visual Studio Solution File, Format Version 12.00
# Visual Studio Version 16
VisualStudioVersion = 16.0.28922.388
MinimumVisualStudioVersion = 10.0.40219.1
Project("{FAE04EC0-301F-11D3-BF4B-00C04F79EFBC}") = "desk-bible", "desk-bible\desk-bible.csproj", "{DFD41711-F1DC-47C3-B592-75717FBF298D}"
EndProject
Global
	GlobalSection(SolutionConfigurationPlatforms) = preSolution
		Debug|Any CPU = Debug|Any CPU
		Release|Any CPU = Release|Any CPU
	EndGlobalSection
	GlobalSection(ProjectConfigurationPlatforms) = postSolution
		{DFD41711-F1DC-47C3-B592-75717FBF298D}.Debug|Any CPU.ActiveCfg = Debug|Any CPU
		{DFD41711-F1DC-47C3-B592-75717FBF298D}.Debug|Any CPU.Build.0 = Debug|Any CPU
		{DFD41711-F1DC-47C3-B592-75717FBF298D}.Release|Any CPU.ActiveCfg = Release|Any CPU
		{DFD41711-F1DC-47C3-B592-75717FBF298D}.Release|Any CPU.Build.0 = Release|Any CPU
	EndGlobalSection
	GlobalSection(SolutionProperties) = preSolution
		HideSolutionNode = FALSE
	EndGlobalSection
	GlobalSection(ExtensibilityGlobals) = postSolution
		SolutionGuid = {738025D1-E1C1-4273-BABE-C071DF992C66}
	EndGlobalSection
EndGlobal
